{
  "requires": true,
  "lockfileVersion": 1,
  "dependencies": {
    "commander": {
      "version": "2.15.1",
      "resolved": "https://registry.npmjs.org/commander/-/commander-2.15.1.tgz",
      "integrity": "sha512-VlfT9F3V0v+jr4yxPc5gg9s62/fIVWsd2Bk2iD435um1NlGMYdVCq+MjcXnhYq2icNOizHr1kK+5TI6H0Hy0ag=="
    },
    "d3-array": {
      "version": "1.2.1",
      "resolved": "https://registry.npmjs.org/d3-array/-/d3-array-1.2.1.tgz",
      "integrity": "sha512-CyINJQ0SOUHojDdFDH4JEM0552vCR1utGyLHegJHyYH0JyCpSeTPxi4OBqHMA2jJZq4NH782LtaJWBImqI/HBw=="
    },
    "d3-geo": {
      "version": "1.10.0",
      "resolved": "https://registry.npmjs.org/d3-geo/-/d3-geo-1.10.0.tgz",
      "integrity": "sha512-VK/buVGgexthTTqGRNXQ/LSo3EbOFu4p2Pjud5drSIaEnOaF2moc8A3P7WEljEO1JEBEwbpAJjFWMuJiUtoBcw==",
      "requires": {
        "d3-array": "1.2.1"
      }
    },
    "d3-geo-projection": {
      "version": "2.4.0",
      "resolved": "https://registry.npmjs.org/d3-geo-projection/-/d3-geo-projection-2.4.0.tgz",
      "integrity": "sha512-LigP464w4R5WTE58AOVHdFvjym/4z58DfRFKUBAfuCU/sCLXuxfNs74JUdoQ0kd6+WaSp95en0lUHk/YjaIYdg==",
      "requires": {
        "commander": "2.15.1",
        "d3-array": "1.2.1",
        "d3-geo": "1.10.0"
      }
    }
  }
}
